
Microsoft Visual Studio Solution File, Format Version 12.00
# Visual Studio Version 17
VisualStudioVersion = 17.8.34330.188
MinimumVisualStudioVersion = 10.0.40219.1
Project("{FAE04EC0-301F-11D3-BF4B-00C04F79EFBC}") = "ExpressionBuilder", "ExpressionBuilder.csproj", "{BF6A6E1C-0C21-40D2-9C0B-85FC5AC01B4D}"
EndProject
Global
	GlobalSection(SolutionConfigurationPlatforms) = preSolution
		Debug|Any CPU = Debug|Any CPU
		Release|Any CPU = Release|Any CPU
	EndGlobalSection
	GlobalSection(ProjectConfigurationPlatforms) = postSolution
		{BF6A6E1C-0C21-40D2-9C0B-85FC5AC01B4D}.Debug|Any CPU.ActiveCfg = Debug|Any CPU
		{BF6A6E1C-0C21-40D2-9C0B-85FC5AC01B4D}.Debug|Any CPU.Build.0 = Debug|Any CPU
		{BF6A6E1C-0C21-40D2-9C0B-85FC5AC01B4D}.Release|Any CPU.ActiveCfg = Release|Any CPU
		{BF6A6E1C-0C21-40D2-9C0B-85FC5AC01B4D}.Release|Any CPU.Build.0 = Release|Any CPU
	EndGlobalSection
	GlobalSection(SolutionProperties) = preSolution
		HideSolutionNode = FALSE
	EndGlobalSection
	GlobalSection(ExtensibilityGlobals) = postSolution
		SolutionGuid = {850657EC-265C-4274-8A89-BF4E0869A068}
	EndGlobalSection
EndGlobal
